
Microsoft Visual Studio Solution File, Format Version 12.00
# Visual Studio Version 17
VisualStudioVersion = 17.8.34330.188
MinimumVisualStudioVersion = 10.0.40219.1
Project("{2150E333-8FDC-42A3-9474-1A3956D46DE8}") = "FrontEnd", "FrontEnd", "{547FE0E5-F0DC-472B-A3C4-1F6ECA1814BA}"
EndProject
Project("{2150E333-8FDC-42A3-9474-1A3956D46DE8}") = "Gateway", "Gateway", "{85E936A2-DDD8-450E-8164-AE6A2A84680F}"
EndProject
Project("{2150E333-8FDC-42A3-9474-1A3956D46DE8}") = "Integration", "Integration", "{F0896285-6B30-4E95-A371-43D05C3D6127}"
EndProject
Project("{2150E333-8FDC-42A3-9474-1A3956D46DE8}") = "Services", "Services", "{3CA1DADF-D9E1-49BF-AE8F-3071688BE321}"
EndProject
Project("{9A19103F-16F7-4668-BE54-9A1E7A4F7556}") = "Mango.Services.CouponAPI", "Mango.Services.CouponAPI\Mango.Services.CouponAPI.csproj", "{F9F5A21B-C811-4F2F-8263-C83522A05446}"
EndProject
Project("{9A19103F-16F7-4668-BE54-9A1E7A4F7556}") = "Mango.Web", "Mango.Web\Mango.Web.csproj", "{008B473F-1FB2-4AE2-940F-44A1735C7FFE}"
EndProject
Project("{FAE04EC0-301F-11D3-BF4B-00C04F79EFBC}") = "Mango.Services.AuthAPI", "Mango.Services.AuthAPI\Mango.Services.AuthAPI.csproj", "{CE867B86-2FAA-42E5-B539-993E03363F38}"
EndProject
Global
	GlobalSection(SolutionConfigurationPlatforms) = preSolution
		Debug|Any CPU = Debug|Any CPU
		Release|Any CPU = Release|Any CPU
	EndGlobalSection
	GlobalSection(ProjectConfigurationPlatforms) = postSolution
		{F9F5A21B-C811-4F2F-8263-C83522A05446}.Debug|Any CPU.ActiveCfg = Debug|Any CPU
		{F9F5A21B-C811-4F2F-8263-C83522A05446}.Debug|Any CPU.Build.0 = Debug|Any CPU
		{F9F5A21B-C811-4F2F-8263-C83522A05446}.Release|Any CPU.ActiveCfg = Release|Any CPU
		{F9F5A21B-C811-4F2F-8263-C83522A05446}.Release|Any CPU.Build.0 = Release|Any CPU
		{008B473F-1FB2-4AE2-940F-44A1735C7FFE}.Debug|Any CPU.ActiveCfg = Debug|Any CPU
		{008B473F-1FB2-4AE2-940F-44A1735C7FFE}.Debug|Any CPU.Build.0 = Debug|Any CPU
		{008B473F-1FB2-4AE2-940F-44A1735C7FFE}.Release|Any CPU.ActiveCfg = Release|Any CPU
		{008B473F-1FB2-4AE2-940F-44A1735C7FFE}.Release|Any CPU.Build.0 = Release|Any CPU
		{CE867B86-2FAA-42E5-B539-993E03363F38}.Debug|Any CPU.ActiveCfg = Debug|Any CPU
		{CE867B86-2FAA-42E5-B539-993E03363F38}.Debug|Any CPU.Build.0 = Debug|Any CPU
		{CE867B86-2FAA-42E5-B539-993E03363F38}.Release|Any CPU.ActiveCfg = Release|Any CPU
		{CE867B86-2FAA-42E5-B539-993E03363F38}.Release|Any CPU.Build.0 = Release|Any CPU
	EndGlobalSection
	GlobalSection(SolutionProperties) = preSolution
		HideSolutionNode = FALSE
	EndGlobalSection
	GlobalSection(NestedProjects) = preSolution
		{F9F5A21B-C811-4F2F-8263-C83522A05446} = {3CA1DADF-D9E1-49BF-AE8F-3071688BE321}
		{008B473F-1FB2-4AE2-940F-44A1735C7FFE} = {547FE0E5-F0DC-472B-A3C4-1F6ECA1814BA}
		{CE867B86-2FAA-42E5-B539-993E03363F38} = {3CA1DADF-D9E1-49BF-AE8F-3071688BE321}
	EndGlobalSection
	GlobalSection(ExtensibilityGlobals) = postSolution
		SolutionGuid = {AEAA4469-0DA0-4186-8E64-30C104A43599}
	EndGlobalSection
EndGlobal
